
Microsoft Visual Studio Solution File, Format Version 12.00
# Visual Studio Version 16
VisualStudioVersion = 16.0.29920.165
MinimumVisualStudioVersion = 10.0.40219.1
Project("{FAE04EC0-301F-11D3-BF4B-00C04F79EFBC}") = "UpdatesClient", "UpdatesClient\UpdatesClient.csproj", "{08FA46E3-1D90-4CCE-BDC1-49A1FD429579}"
EndProject
Project("{FAE04EC0-301F-11D3-BF4B-00C04F79EFBC}") = "ManifestTools", "ManifestTools\ManifestTools.csproj", "{DA13470F-929D-4343-B507-70FDC2CCF476}"
EndProject
Global
	GlobalSection(SolutionConfigurationPlatforms) = preSolution
		Debug|Any CPU = Debug|Any CPU
		DeRelease|Any CPU = DeRelease|Any CPU
		Release|Any CPU = Release|Any CPU
	EndGlobalSection
	GlobalSection(ProjectConfigurationPlatforms) = postSolution
		{08FA46E3-1D90-4CCE-BDC1-49A1FD429579}.Debug|Any CPU.ActiveCfg = Debug|Any CPU
		{08FA46E3-1D90-4CCE-BDC1-49A1FD429579}.Debug|Any CPU.Build.0 = Debug|Any CPU
		{08FA46E3-1D90-4CCE-BDC1-49A1FD429579}.DeRelease|Any CPU.ActiveCfg = DeRelease|Any CPU
		{08FA46E3-1D90-4CCE-BDC1-49A1FD429579}.DeRelease|Any CPU.Build.0 = DeRelease|Any CPU
		{08FA46E3-1D90-4CCE-BDC1-49A1FD429579}.Release|Any CPU.ActiveCfg = Release|Any CPU
		{08FA46E3-1D90-4CCE-BDC1-49A1FD429579}.Release|Any CPU.Build.0 = Release|Any CPU
		{DA13470F-929D-4343-B507-70FDC2CCF476}.Debug|Any CPU.ActiveCfg = Debug|Any CPU
		{DA13470F-929D-4343-B507-70FDC2CCF476}.Debug|Any CPU.Build.0 = Debug|Any CPU
		{DA13470F-929D-4343-B507-70FDC2CCF476}.DeRelease|Any CPU.ActiveCfg = DeRelease|Any CPU
		{DA13470F-929D-4343-B507-70FDC2CCF476}.DeRelease|Any CPU.Build.0 = DeRelease|Any CPU
		{DA13470F-929D-4343-B507-70FDC2CCF476}.Release|Any CPU.ActiveCfg = Release|Any CPU
		{DA13470F-929D-4343-B507-70FDC2CCF476}.Release|Any CPU.Build.0 = Release|Any CPU
	EndGlobalSection
	GlobalSection(SolutionProperties) = preSolution
		HideSolutionNode = FALSE
	EndGlobalSection
	GlobalSection(ExtensibilityGlobals) = postSolution
		SolutionGuid = {2553015B-04BC-44D4-B6F0-C0E9C68B59E0}
	EndGlobalSection
EndGlobal
